// !$*UTF8*$!
{
	archiveVersion = 1;
	classes = {
	};
	objectVersion = 56;
	objects = {

/* Begin PBXBuildFile section */
		0DF1D1402D22DC51001626E7 /* ServicesAssembler.swift in Sources */ = {isa = PBXBuildFile; fileRef = 0DF1D13F2D22DC4B001626E7 /* ServicesAssembler.swift */; };
		0DF1D1432D22DCD8001626E7 /* PerformOnce.swift in Sources */ = {isa = PBXBuildFile; fileRef = 0DF1D1422D22DCD2001626E7 /* PerformOnce.swift */; };
		0DF1D1452D22DD06001626E7 /* BitcoinRateService.swift in Sources */ = {isa = PBXBuildFile; fileRef = 0DF1D1442D22DCFF001626E7 /* BitcoinRateService.swift */; };
		1CA3B6562D22B0F500176711 /* AppDelegate.swift in Sources */ = {isa = PBXBuildFile; fileRef = 1CA3B6552D22B0F500176711 /* AppDelegate.swift */; };
		1CA3B65A2D22B0F500176711 /* WalletViewController.swift in Sources */ = {isa = PBXBuildFile; fileRef = 1CA3B6592D22B0F500176711 /* WalletViewController.swift */; };
		1CA3B6602D22B0F500176711 /* TransactionsTestTask.xcdatamodeld in Sources */ = {isa = PBXBuildFile; fileRef = 1CA3B65E2D22B0F500176711 /* TransactionsTestTask.xcdatamodeld */; };
		1CA3B6622D22B0F600176711 /* Assets.xcassets in Resources */ = {isa = PBXBuildFile; fileRef = 1CA3B6612D22B0F600176711 /* Assets.xcassets */; };
		1CA3B6652D22B0F600176711 /* Base in Resources */ = {isa = PBXBuildFile; fileRef = 1CA3B6642D22B0F600176711 /* Base */; };
		1CA3B6702D22B0F600176711 /* TransactionsTestTaskTests.swift in Sources */ = {isa = PBXBuildFile; fileRef = 1CA3B66F2D22B0F600176711 /* TransactionsTestTaskTests.swift */; };
		C0BC6DC62D63B3EC003FB506 /* Event.swift in Sources */ = {isa = PBXBuildFile; fileRef = C0BC6DC52D63B3EC003FB506 /* Event.swift */; };
		C0BC6DC82D63B628003FB506 /* String+Extensions.swift in Sources */ = {isa = PBXBuildFile; fileRef = C0BC6DC72D63B628003FB506 /* String+Extensions.swift */; };
		C0C26A8C2D63AEC500887AB7 /* BTCCurrency.swift in Sources */ = {isa = PBXBuildFile; fileRef = C0C26A8B2D63AEC500887AB7 /* BTCCurrency.swift */; };
		C0C9CED72D639EE40030FE0A /* ResponseWrapper.swift in Sources */ = {isa = PBXBuildFile; fileRef = C0C9CED62D639EE40030FE0A /* ResponseWrapper.swift */; };
		C0C9CEDA2D63A0080030FE0A /* APIError.swift in Sources */ = {isa = PBXBuildFile; fileRef = C0C9CED92D63A0080030FE0A /* APIError.swift */; };
		C0C9CEDD2D63A0420030FE0A /* HTTPMethod.swift in Sources */ = {isa = PBXBuildFile; fileRef = C0C9CEDC2D63A0420030FE0A /* HTTPMethod.swift */; };
		C0C9CEE02D63A0B10030FE0A /* APIEndpoints.swift in Sources */ = {isa = PBXBuildFile; fileRef = C0C9CEDF2D63A0B10030FE0A /* APIEndpoints.swift */; };
		C0C9CEE32D63A1B40030FE0A /* NetworkService.swift in Sources */ = {isa = PBXBuildFile; fileRef = C0C9CEE22D63A1B40030FE0A /* NetworkService.swift */; };
		C0C9CEE62D63A2370030FE0A /* APIEnvironment.swift in Sources */ = {isa = PBXBuildFile; fileRef = C0C9CEE52D63A2370030FE0A /* APIEnvironment.swift */; };
		C0D59BD42D6267F6006B936E /* VerticalEmptyView.swift in Sources */ = {isa = PBXBuildFile; fileRef = C0D59BD32D6267F6006B936E /* VerticalEmptyView.swift */; };
		C0D59BD62D626B88006B936E /* Transaction.swift in Sources */ = {isa = PBXBuildFile; fileRef = C0D59BD52D626B88006B936E /* Transaction.swift */; };
		C0EF0FD02D61C98E00C5FDA7 /* BaseViewController.swift in Sources */ = {isa = PBXBuildFile; fileRef = C0EF0FCF2D61C98E00C5FDA7 /* BaseViewController.swift */; };
		C0EF0FD32D61C9B500C5FDA7 /* Bag.swift in Sources */ = {isa = PBXBuildFile; fileRef = C0EF0FD22D61C9B500C5FDA7 /* Bag.swift */; };
		C0EF0FD72D61C9EA00C5FDA7 /* UIView+Extensions.swift in Sources */ = {isa = PBXBuildFile; fileRef = C0EF0FD62D61C9EA00C5FDA7 /* UIView+Extensions.swift */; };
		C0EF0FDA2D61CA6100C5FDA7 /* VerticalButton.swift in Sources */ = {isa = PBXBuildFile; fileRef = C0EF0FD92D61CA6100C5FDA7 /* VerticalButton.swift */; };
		C0EF0FDC2D61CA8100C5FDA7 /* UILabel+Extensions.swift in Sources */ = {isa = PBXBuildFile; fileRef = C0EF0FDB2D61CA8100C5FDA7 /* UILabel+Extensions.swift */; };
		C0EF0FDE2D61CAA400C5FDA7 /* UIStackView+Extensions.swift in Sources */ = {isa = PBXBuildFile; fileRef = C0EF0FDD2D61CAA400C5FDA7 /* UIStackView+Extensions.swift */; };
		C0EF0FE02D61CAC200C5FDA7 /* UIButton+Extensions.swift in Sources */ = {isa = PBXBuildFile; fileRef = C0EF0FDF2D61CAC200C5FDA7 /* UIButton+Extensions.swift */; };
		C0EF0FE22D61CB0200C5FDA7 /* UIViewController+Extensions.swift in Sources */ = {isa = PBXBuildFile; fileRef = C0EF0FE12D61CB0200C5FDA7 /* UIViewController+Extensions.swift */; };
		C0EF0FE42D61CB1F00C5FDA7 /* Navigation.swift in Sources */ = {isa = PBXBuildFile; fileRef = C0EF0FE32D61CB1F00C5FDA7 /* Navigation.swift */; };
		C0EF0FE62D61CB3F00C5FDA7 /* UpdateUI.swift in Sources */ = {isa = PBXBuildFile; fileRef = C0EF0FE52D61CB3F00C5FDA7 /* UpdateUI.swift */; };
		C0EF0FE82D61CB7D00C5FDA7 /* WalletRoutes.swift in Sources */ = {isa = PBXBuildFile; fileRef = C0EF0FE72D61CB7D00C5FDA7 /* WalletRoutes.swift */; };
		C0EF0FEA2D61CDA800C5FDA7 /* WalletViewModel.swift in Sources */ = {isa = PBXBuildFile; fileRef = C0EF0FE92D61CDA800C5FDA7 /* WalletViewModel.swift */; };
		C0EF0FEC2D61CDC500C5FDA7 /* BaseViewModel.swift in Sources */ = {isa = PBXBuildFile; fileRef = C0EF0FEB2D61CDC500C5FDA7 /* BaseViewModel.swift */; };
		C0EF0FEE2D61D6ED00C5FDA7 /* Variable.swift in Sources */ = {isa = PBXBuildFile; fileRef = C0EF0FED2D61D6ED00C5FDA7 /* Variable.swift */; };
		C0EF0FF12D61E48900C5FDA7 /* Double+Extensions.swift in Sources */ = {isa = PBXBuildFile; fileRef = C0EF0FF02D61E48900C5FDA7 /* Double+Extensions.swift */; };
		C0EF0FF62D61EE3700C5FDA7 /* TopUpPopupViewController.swift in Sources */ = {isa = PBXBuildFile; fileRef = C0EF0FF52D61EE3700C5FDA7 /* TopUpPopupViewController.swift */; };
		C0EF0FF82D61F6C700C5FDA7 /* UITextField+Extensions.swift in Sources */ = {isa = PBXBuildFile; fileRef = C0EF0FF72D61F6C700C5FDA7 /* UITextField+Extensions.swift */; };
		C0EF10082D620B3D00C5FDA7 /* Number+Extensions.swift in Sources */ = {isa = PBXBuildFile; fileRef = C0EF10072D620B3D00C5FDA7 /* Number+Extensions.swift */; };
		C0EF100B2D620BBC00C5FDA7 /* AmountTextField.swift in Sources */ = {isa = PBXBuildFile; fileRef = C0EF100A2D620BBC00C5FDA7 /* AmountTextField.swift */; };
/* End PBXBuildFile section */

/* Begin PBXContainerItemProxy section */
		1CA3B66C2D22B0F600176711 /* PBXContainerItemProxy */ = {
			isa = PBXContainerItemProxy;
			containerPortal = 1CA3B64A2D22B0F500176711 /* Project object */;
			proxyType = 1;
			remoteGlobalIDString = 1CA3B6512D22B0F500176711;
			remoteInfo = TransactionsTestTask;
		};
		1CA3B6762D22B0F600176711 /* PBXContainerItemProxy */ = {
			isa = PBXContainerItemProxy;
			containerPortal = 1CA3B64A2D22B0F500176711 /* Project object */;
			proxyType = 1;
			remoteGlobalIDString = 1CA3B6512D22B0F500176711;
			remoteInfo = TransactionsTestTask;
		};
/* End PBXContainerItemProxy section */

/* Begin PBXFileReference section */
		0DF1D13F2D22DC4B001626E7 /* ServicesAssembler.swift */ = {isa = PBXFileReference; lastKnownFileType = sourcecode.swift; path = ServicesAssembler.swift; sourceTree = "<group>"; };
		0DF1D1422D22DCD2001626E7 /* PerformOnce.swift */ = {isa = PBXFileReference; lastKnownFileType = sourcecode.swift; path = PerformOnce.swift; sourceTree = "<group>"; };
		0DF1D1442D22DCFF001626E7 /* BitcoinRateService.swift */ = {isa = PBXFileReference; lastKnownFileType = sourcecode.swift; path = BitcoinRateService.swift; sourceTree = "<group>"; };
		1CA3B6522D22B0F500176711 /* TransactionsTestTask.app */ = {isa = PBXFileReference; explicitFileType = wrapper.application; includeInIndex = 0; path = TransactionsTestTask.app; sourceTree = BUILT_PRODUCTS_DIR; };
		1CA3B6552D22B0F500176711 /* AppDelegate.swift */ = {isa = PBXFileReference; lastKnownFileType = sourcecode.swift; path = AppDelegate.swift; sourceTree = "<group>"; };
		1CA3B6592D22B0F500176711 /* WalletViewController.swift */ = {isa = PBXFileReference; lastKnownFileType = sourcecode.swift; path = WalletViewController.swift; sourceTree = "<group>"; };
		1CA3B65F2D22B0F500176711 /* TransactionsTestTask.xcdatamodel */ = {isa = PBXFileReference; lastKnownFileType = wrapper.xcdatamodel; path = TransactionsTestTask.xcdatamodel; sourceTree = "<group>"; };
		1CA3B6612D22B0F600176711 /* Assets.xcassets */ = {isa = PBXFileReference; lastKnownFileType = folder.assetcatalog; path = Assets.xcassets; sourceTree = "<group>"; };
		1CA3B6642D22B0F600176711 /* Base */ = {isa = PBXFileReference; lastKnownFileType = file.storyboard; name = Base; path = Base.lproj/LaunchScreen.storyboard; sourceTree = "<group>"; };
		1CA3B6662D22B0F600176711 /* Info.plist */ = {isa = PBXFileReference; lastKnownFileType = text.plist.xml; path = Info.plist; sourceTree = "<group>"; };
		1CA3B66B2D22B0F600176711 /* TransactionsTestTaskTests.xctest */ = {isa = PBXFileReference; explicitFileType = wrapper.cfbundle; includeInIndex = 0; path = TransactionsTestTaskTests.xctest; sourceTree = BUILT_PRODUCTS_DIR; };
		1CA3B66F2D22B0F600176711 /* TransactionsTestTaskTests.swift */ = {isa = PBXFileReference; lastKnownFileType = sourcecode.swift; path = TransactionsTestTaskTests.swift; sourceTree = "<group>"; };
		1CA3B6752D22B0F600176711 /* TransactionsTestTaskUITests.xctest */ = {isa = PBXFileReference; explicitFileType = wrapper.cfbundle; includeInIndex = 0; path = TransactionsTestTaskUITests.xctest; sourceTree = BUILT_PRODUCTS_DIR; };
		C0BC6DC52D63B3EC003FB506 /* Event.swift */ = {isa = PBXFileReference; lastKnownFileType = sourcecode.swift; path = Event.swift; sourceTree = "<group>"; };
		C0BC6DC72D63B628003FB506 /* String+Extensions.swift */ = {isa = PBXFileReference; lastKnownFileType = sourcecode.swift; path = "String+Extensions.swift"; sourceTree = "<group>"; };
		C0C26A8B2D63AEC500887AB7 /* BTCCurrency.swift */ = {isa = PBXFileReference; lastKnownFileType = sourcecode.swift; path = BTCCurrency.swift; sourceTree = "<group>"; };
		C0C9CED62D639EE40030FE0A /* ResponseWrapper.swift */ = {isa = PBXFileReference; lastKnownFileType = sourcecode.swift; path = ResponseWrapper.swift; sourceTree = "<group>"; };
		C0C9CED92D63A0080030FE0A /* APIError.swift */ = {isa = PBXFileReference; lastKnownFileType = sourcecode.swift; path = APIError.swift; sourceTree = "<group>"; };
		C0C9CEDC2D63A0420030FE0A /* HTTPMethod.swift */ = {isa = PBXFileReference; lastKnownFileType = sourcecode.swift; path = HTTPMethod.swift; sourceTree = "<group>"; };
		C0C9CEDF2D63A0B10030FE0A /* APIEndpoints.swift */ = {isa = PBXFileReference; lastKnownFileType = sourcecode.swift; path = APIEndpoints.swift; sourceTree = "<group>"; };
		C0C9CEE22D63A1B40030FE0A /* NetworkService.swift */ = {isa = PBXFileReference; lastKnownFileType = sourcecode.swift; path = NetworkService.swift; sourceTree = "<group>"; };
		C0C9CEE52D63A2370030FE0A /* APIEnvironment.swift */ = {isa = PBXFileReference; lastKnownFileType = sourcecode.swift; path = APIEnvironment.swift; sourceTree = "<group>"; };
		C0D59BD32D6267F6006B936E /* VerticalEmptyView.swift */ = {isa = PBXFileReference; lastKnownFileType = sourcecode.swift; path = VerticalEmptyView.swift; sourceTree = "<group>"; };
		C0D59BD52D626B88006B936E /* Transaction.swift */ = {isa = PBXFileReference; lastKnownFileType = sourcecode.swift; path = Transaction.swift; sourceTree = "<group>"; };
		C0EF0FCF2D61C98E00C5FDA7 /* BaseViewController.swift */ = {isa = PBXFileReference; lastKnownFileType = sourcecode.swift; path = BaseViewController.swift; sourceTree = "<group>"; };
		C0EF0FD22D61C9B500C5FDA7 /* Bag.swift */ = {isa = PBXFileReference; lastKnownFileType = sourcecode.swift; path = Bag.swift; sourceTree = "<group>"; };
		C0EF0FD62D61C9EA00C5FDA7 /* UIView+Extensions.swift */ = {isa = PBXFileReference; lastKnownFileType = sourcecode.swift; path = "UIView+Extensions.swift"; sourceTree = "<group>"; };
		C0EF0FD92D61CA6100C5FDA7 /* VerticalButton.swift */ = {isa = PBXFileReference; lastKnownFileType = sourcecode.swift; path = VerticalButton.swift; sourceTree = "<group>"; };
		C0EF0FDB2D61CA8100C5FDA7 /* UILabel+Extensions.swift */ = {isa = PBXFileReference; lastKnownFileType = sourcecode.swift; path = "UILabel+Extensions.swift"; sourceTree = "<group>"; };
		C0EF0FDD2D61CAA400C5FDA7 /* UIStackView+Extensions.swift */ = {isa = PBXFileReference; lastKnownFileType = sourcecode.swift; path = "UIStackView+Extensions.swift"; sourceTree = "<group>"; };
		C0EF0FDF2D61CAC200C5FDA7 /* UIButton+Extensions.swift */ = {isa = PBXFileReference; lastKnownFileType = sourcecode.swift; path = "UIButton+Extensions.swift"; sourceTree = "<group>"; };
		C0EF0FE12D61CB0200C5FDA7 /* UIViewController+Extensions.swift */ = {isa = PBXFileReference; lastKnownFileType = sourcecode.swift; path = "UIViewController+Extensions.swift"; sourceTree = "<group>"; };
		C0EF0FE32D61CB1F00C5FDA7 /* Navigation.swift */ = {isa = PBXFileReference; lastKnownFileType = sourcecode.swift; path = Navigation.swift; sourceTree = "<group>"; };
		C0EF0FE52D61CB3F00C5FDA7 /* UpdateUI.swift */ = {isa = PBXFileReference; lastKnownFileType = sourcecode.swift; path = UpdateUI.swift; sourceTree = "<group>"; };
		C0EF0FE72D61CB7D00C5FDA7 /* WalletRoutes.swift */ = {isa = PBXFileReference; lastKnownFileType = sourcecode.swift; path = WalletRoutes.swift; sourceTree = "<group>"; };
		C0EF0FE92D61CDA800C5FDA7 /* WalletViewModel.swift */ = {isa = PBXFileReference; lastKnownFileType = sourcecode.swift; path = WalletViewModel.swift; sourceTree = "<group>"; };
		C0EF0FEB2D61CDC500C5FDA7 /* BaseViewModel.swift */ = {isa = PBXFileReference; lastKnownFileType = sourcecode.swift; path = BaseViewModel.swift; sourceTree = "<group>"; };
		C0EF0FED2D61D6ED00C5FDA7 /* Variable.swift */ = {isa = PBXFileReference; lastKnownFileType = sourcecode.swift; path = Variable.swift; sourceTree = "<group>"; };
		C0EF0FF02D61E48900C5FDA7 /* Double+Extensions.swift */ = {isa = PBXFileReference; lastKnownFileType = sourcecode.swift; path = "Double+Extensions.swift"; sourceTree = "<group>"; };
		C0EF0FF52D61EE3700C5FDA7 /* TopUpPopupViewController.swift */ = {isa = PBXFileReference; lastKnownFileType = sourcecode.swift; path = TopUpPopupViewController.swift; sourceTree = "<group>"; };
		C0EF0FF72D61F6C700C5FDA7 /* UITextField+Extensions.swift */ = {isa = PBXFileReference; lastKnownFileType = sourcecode.swift; path = "UITextField+Extensions.swift"; sourceTree = "<group>"; };
		C0EF10072D620B3D00C5FDA7 /* Number+Extensions.swift */ = {isa = PBXFileReference; lastKnownFileType = sourcecode.swift; path = "Number+Extensions.swift"; sourceTree = "<group>"; };
		C0EF100A2D620BBC00C5FDA7 /* AmountTextField.swift */ = {isa = PBXFileReference; lastKnownFileType = sourcecode.swift; path = AmountTextField.swift; sourceTree = "<group>"; };
/* End PBXFileReference section */

/* Begin PBXFrameworksBuildPhase section */
		1CA3B64F2D22B0F500176711 /* Frameworks */ = {
			isa = PBXFrameworksBuildPhase;
			buildActionMask = 2147483647;
			files = (
			);
			runOnlyForDeploymentPostprocessing = 0;
		};
		1CA3B6682D22B0F600176711 /* Frameworks */ = {
			isa = PBXFrameworksBuildPhase;
			buildActionMask = 2147483647;
			files = (
			);
			runOnlyForDeploymentPostprocessing = 0;
		};
		1CA3B6722D22B0F600176711 /* Frameworks */ = {
			isa = PBXFrameworksBuildPhase;
			buildActionMask = 2147483647;
			files = (
			);
			runOnlyForDeploymentPostprocessing = 0;
		};
/* End PBXFrameworksBuildPhase section */

/* Begin PBXGroup section */
		0DF1D13E2D22DC2D001626E7 /* Services */ = {
			isa = PBXGroup;
			children = (
				C0C26A8A2D63AEB800887AB7 /* Entites */,
				C0C9CEE12D63A1A40030FE0A /* Network */,
				0DF1D1412D22DCC3001626E7 /* Helpers */,
				0DF1D13F2D22DC4B001626E7 /* ServicesAssembler.swift */,
				0DF1D1442D22DCFF001626E7 /* BitcoinRateService.swift */,
			);
			path = Services;
			sourceTree = "<group>";
		};
		0DF1D1412D22DCC3001626E7 /* Helpers */ = {
			isa = PBXGroup;
			children = (
				C0C9CEE42D63A2260030FE0A /* APIEnvironment */,
				C0C9CEDE2D63A0A60030FE0A /* Endpoints */,
				C0C9CEDB2D63A0360030FE0A /* HTTPMethod */,
				C0C9CED82D639FFC0030FE0A /* APIError */,
				0DF1D1422D22DCD2001626E7 /* PerformOnce.swift */,
				C0C9CED62D639EE40030FE0A /* ResponseWrapper.swift */,
			);
			path = Helpers;
			sourceTree = "<group>";
		};
		1CA3B6492D22B0F500176711 = {
			isa = PBXGroup;
			children = (
				1CA3B6542D22B0F500176711 /* TransactionsTestTask */,
				1CA3B66E2D22B0F600176711 /* TransactionsTestTaskTests */,
				1CA3B6532D22B0F500176711 /* Products */,
			);
			sourceTree = "<group>";
		};
		1CA3B6532D22B0F500176711 /* Products */ = {
			isa = PBXGroup;
			children = (
				1CA3B6522D22B0F500176711 /* TransactionsTestTask.app */,
				1CA3B66B2D22B0F600176711 /* TransactionsTestTaskTests.xctest */,
				1CA3B6752D22B0F600176711 /* TransactionsTestTaskUITests.xctest */,
			);
			name = Products;
			sourceTree = "<group>";
		};
		1CA3B6542D22B0F500176711 /* TransactionsTestTask */ = {
			isa = PBXGroup;
			children = (
				1CA3B6552D22B0F500176711 /* AppDelegate.swift */,
				C0EF0FF22D61EE0F00C5FDA7 /* TopUpPopup */,
				C0EF0FD42D61C9D700C5FDA7 /* Extensions */,
				C0EF0FD12D61C9AE00C5FDA7 /* Domain */,
				C0EF0FCD2D61C96700C5FDA7 /* UI */,
				C0EF0FC82D61C8BA00C5FDA7 /* Wallet */,
				C0EF0FC72D61C63500C5FDA7 /* Resources */,
				0DF1D13E2D22DC2D001626E7 /* Services */,
			);
			path = TransactionsTestTask;
			sourceTree = "<group>";
		};
		1CA3B66E2D22B0F600176711 /* TransactionsTestTaskTests */ = {
			isa = PBXGroup;
			children = (
				1CA3B66F2D22B0F600176711 /* TransactionsTestTaskTests.swift */,
			);
			path = TransactionsTestTaskTests;
			sourceTree = "<group>";
		};
		C0C26A8A2D63AEB800887AB7 /* Entites */ = {
			isa = PBXGroup;
			children = (
				C0C26A8B2D63AEC500887AB7 /* BTCCurrency.swift */,
			);
			path = Entites;
			sourceTree = "<group>";
		};
		C0C9CED82D639FFC0030FE0A /* APIError */ = {
			isa = PBXGroup;
			children = (
				C0C9CED92D63A0080030FE0A /* APIError.swift */,
			);
			path = APIError;
			sourceTree = "<group>";
		};
		C0C9CEDB2D63A0360030FE0A /* HTTPMethod */ = {
			isa = PBXGroup;
			children = (
				C0C9CEDC2D63A0420030FE0A /* HTTPMethod.swift */,
			);
			path = HTTPMethod;
			sourceTree = "<group>";
		};
		C0C9CEDE2D63A0A60030FE0A /* Endpoints */ = {
			isa = PBXGroup;
			children = (
				C0C9CEDF2D63A0B10030FE0A /* APIEndpoints.swift */,
			);
			path = Endpoints;
			sourceTree = "<group>";
		};
		C0C9CEE12D63A1A40030FE0A /* Network */ = {
			isa = PBXGroup;
			children = (
				C0C9CEE22D63A1B40030FE0A /* NetworkService.swift */,
			);
			path = Network;
			sourceTree = "<group>";
		};
		C0C9CEE42D63A2260030FE0A /* APIEnvironment */ = {
			isa = PBXGroup;
			children = (
				C0C9CEE52D63A2370030FE0A /* APIEnvironment.swift */,
			);
			path = APIEnvironment;
			sourceTree = "<group>";
		};
		C0D59BD22D6267EC006B936E /* Other */ = {
			isa = PBXGroup;
			children = (
				C0D59BD32D6267F6006B936E /* VerticalEmptyView.swift */,
			);
			path = Other;
			sourceTree = "<group>";
		};
		C0EF0FC72D61C63500C5FDA7 /* Resources */ = {
			isa = PBXGroup;
			children = (
				1CA3B6612D22B0F600176711 /* Assets.xcassets */,
				1CA3B6632D22B0F600176711 /* LaunchScreen.storyboard */,
				1CA3B6662D22B0F600176711 /* Info.plist */,
				1CA3B65E2D22B0F500176711 /* TransactionsTestTask.xcdatamodeld */,
			);
			path = Resources;
			sourceTree = "<group>";
		};
		C0EF0FC82D61C8BA00C5FDA7 /* Wallet */ = {
			isa = PBXGroup;
			children = (
				C0EF0FCC2D61C8D200C5FDA7 /* Navigation */,
				C0EF0FCB2D61C8CE00C5FDA7 /* Model */,
				C0EF0FCA2D61C8CA00C5FDA7 /* ViewModel */,
				C0EF0FC92D61C8C300C5FDA7 /* View */,
			);
			path = Wallet;
			sourceTree = "<group>";
		};
		C0EF0FC92D61C8C300C5FDA7 /* View */ = {
			isa = PBXGroup;
			children = (
				1CA3B6592D22B0F500176711 /* WalletViewController.swift */,
			);
			path = View;
			sourceTree = "<group>";
		};
		C0EF0FCA2D61C8CA00C5FDA7 /* ViewModel */ = {
			isa = PBXGroup;
			children = (
				C0EF0FE92D61CDA800C5FDA7 /* WalletViewModel.swift */,
			);
			path = ViewModel;
			sourceTree = "<group>";
		};
		C0EF0FCB2D61C8CE00C5FDA7 /* Model */ = {
			isa = PBXGroup;
			children = (
				C0D59BD52D626B88006B936E /* Transaction.swift */,
			);
			path = Model;
			sourceTree = "<group>";
		};
		C0EF0FCC2D61C8D200C5FDA7 /* Navigation */ = {
			isa = PBXGroup;
			children = (
				C0EF0FE72D61CB7D00C5FDA7 /* WalletRoutes.swift */,
			);
			path = Navigation;
			sourceTree = "<group>";
		};
		C0EF0FCD2D61C96700C5FDA7 /* UI */ = {
			isa = PBXGroup;
			children = (
				C0D59BD22D6267EC006B936E /* Other */,
				C0EF10092D620BB200C5FDA7 /* TextField */,
				C0EF0FD82D61CA5800C5FDA7 /* Button */,
				C0EF0FCE2D61C97100C5FDA7 /* Controller */,
			);
			path = UI;
			sourceTree = "<group>";
		};
		C0EF0FCE2D61C97100C5FDA7 /* Controller */ = {
			isa = PBXGroup;
			children = (
				C0EF0FCF2D61C98E00C5FDA7 /* BaseViewController.swift */,
			);
			path = Controller;
			sourceTree = "<group>";
		};
		C0EF0FD12D61C9AE00C5FDA7 /* Domain */ = {
			isa = PBXGroup;
			children = (
				C0EF0FD22D61C9B500C5FDA7 /* Bag.swift */,
				C0EF0FE32D61CB1F00C5FDA7 /* Navigation.swift */,
				C0EF0FE52D61CB3F00C5FDA7 /* UpdateUI.swift */,
				C0EF0FEB2D61CDC500C5FDA7 /* BaseViewModel.swift */,
				C0EF0FED2D61D6ED00C5FDA7 /* Variable.swift */,
				C0BC6DC52D63B3EC003FB506 /* Event.swift */,
			);
			path = Domain;
			sourceTree = "<group>";
		};
		C0EF0FD42D61C9D700C5FDA7 /* Extensions */ = {
			isa = PBXGroup;
			children = (
				C0EF0FEF2D61E47B00C5FDA7 /* Foundation */,
				C0EF0FD52D61C9DE00C5FDA7 /* UI */,
			);
			path = Extensions;
			sourceTree = "<group>";
		};
		C0EF0FD52D61C9DE00C5FDA7 /* UI */ = {
			isa = PBXGroup;
			children = (
				C0EF0FD62D61C9EA00C5FDA7 /* UIView+Extensions.swift */,
				C0EF0FDB2D61CA8100C5FDA7 /* UILabel+Extensions.swift */,
				C0EF0FDD2D61CAA400C5FDA7 /* UIStackView+Extensions.swift */,
				C0EF0FDF2D61CAC200C5FDA7 /* UIButton+Extensions.swift */,
				C0EF0FE12D61CB0200C5FDA7 /* UIViewController+Extensions.swift */,
				C0EF0FF72D61F6C700C5FDA7 /* UITextField+Extensions.swift */,
			);
			path = UI;
			sourceTree = "<group>";
		};
		C0EF0FD82D61CA5800C5FDA7 /* Button */ = {
			isa = PBXGroup;
			children = (
				C0EF0FD92D61CA6100C5FDA7 /* VerticalButton.swift */,
			);
			path = Button;
			sourceTree = "<group>";
		};
		C0EF0FEF2D61E47B00C5FDA7 /* Foundation */ = {
			isa = PBXGroup;
			children = (
				C0EF0FF02D61E48900C5FDA7 /* Double+Extensions.swift */,
				C0EF10072D620B3D00C5FDA7 /* Number+Extensions.swift */,
				C0BC6DC72D63B628003FB506 /* String+Extensions.swift */,
			);
			path = Foundation;
			sourceTree = "<group>";
		};
		C0EF0FF22D61EE0F00C5FDA7 /* TopUpPopup */ = {
			isa = PBXGroup;
			children = (
				C0EF0FF42D61EE2500C5FDA7 /* ViewModel */,
				C0EF0FF32D61EE1F00C5FDA7 /* View */,
			);
			path = TopUpPopup;
			sourceTree = "<group>";
		};
		C0EF0FF32D61EE1F00C5FDA7 /* View */ = {
			isa = PBXGroup;
			children = (
				C0EF0FF52D61EE3700C5FDA7 /* TopUpPopupViewController.swift */,
			);
			path = View;
			sourceTree = "<group>";
		};
		C0EF0FF42D61EE2500C5FDA7 /* ViewModel */ = {
			isa = PBXGroup;
			children = (
			);
			path = ViewModel;
			sourceTree = "<group>";
		};
		C0EF10092D620BB200C5FDA7 /* TextField */ = {
			isa = PBXGroup;
			children = (
				C0EF100A2D620BBC00C5FDA7 /* AmountTextField.swift */,
			);
			path = TextField;
			sourceTree = "<group>";
		};
/* End PBXGroup section */

/* Begin PBXNativeTarget section */
		1CA3B6512D22B0F500176711 /* TransactionsTestTask */ = {
			isa = PBXNativeTarget;
			buildConfigurationList = 1CA3B67F2D22B0F600176711 /* Build configuration list for PBXNativeTarget "TransactionsTestTask" */;
			buildPhases = (
				1CA3B64E2D22B0F500176711 /* Sources */,
				1CA3B64F2D22B0F500176711 /* Frameworks */,
				1CA3B6502D22B0F500176711 /* Resources */,
			);
			buildRules = (
			);
			dependencies = (
			);
			name = TransactionsTestTask;
			productName = TransactionsTestTask;
			productReference = 1CA3B6522D22B0F500176711 /* TransactionsTestTask.app */;
			productType = "com.apple.product-type.application";
		};
		1CA3B66A2D22B0F600176711 /* TransactionsTestTaskTests */ = {
			isa = PBXNativeTarget;
			buildConfigurationList = 1CA3B6822D22B0F600176711 /* Build configuration list for PBXNativeTarget "TransactionsTestTaskTests" */;
			buildPhases = (
				1CA3B6672D22B0F600176711 /* Sources */,
				1CA3B6682D22B0F600176711 /* Frameworks */,
				1CA3B6692D22B0F600176711 /* Resources */,
			);
			buildRules = (
			);
			dependencies = (
				1CA3B66D2D22B0F600176711 /* PBXTargetDependency */,
			);
			name = TransactionsTestTaskTests;
			productName = TransactionsTestTaskTests;
			productReference = 1CA3B66B2D22B0F600176711 /* TransactionsTestTaskTests.xctest */;
			productType = "com.apple.product-type.bundle.unit-test";
		};
		1CA3B6742D22B0F600176711 /* TransactionsTestTaskUITests */ = {
			isa = PBXNativeTarget;
			buildConfigurationList = 1CA3B6852D22B0F600176711 /* Build configuration list for PBXNativeTarget "TransactionsTestTaskUITests" */;
			buildPhases = (
				1CA3B6712D22B0F600176711 /* Sources */,
				1CA3B6722D22B0F600176711 /* Frameworks */,
				1CA3B6732D22B0F600176711 /* Resources */,
			);
			buildRules = (
			);
			dependencies = (
				1CA3B6772D22B0F600176711 /* PBXTargetDependency */,
			);
			name = TransactionsTestTaskUITests;
			productName = TransactionsTestTaskUITests;
			productReference = 1CA3B6752D22B0F600176711 /* TransactionsTestTaskUITests.xctest */;
			productType = "com.apple.product-type.bundle.ui-testing";
		};
/* End PBXNativeTarget section */

/* Begin PBXProject section */
		1CA3B64A2D22B0F500176711 /* Project object */ = {
			isa = PBXProject;
			attributes = {
				BuildIndependentTargetsInParallel = 1;
				LastSwiftUpdateCheck = 1540;
				LastUpgradeCheck = 1540;
				TargetAttributes = {
					1CA3B6512D22B0F500176711 = {
						CreatedOnToolsVersion = 15.4;
					};
					1CA3B66A2D22B0F600176711 = {
						CreatedOnToolsVersion = 15.4;
						TestTargetID = 1CA3B6512D22B0F500176711;
					};
					1CA3B6742D22B0F600176711 = {
						CreatedOnToolsVersion = 15.4;
						TestTargetID = 1CA3B6512D22B0F500176711;
					};
				};
			};
			buildConfigurationList = 1CA3B64D2D22B0F500176711 /* Build configuration list for PBXProject "TransactionsTestTask" */;
			compatibilityVersion = "Xcode 14.0";
			developmentRegion = en;
			hasScannedForEncodings = 0;
			knownRegions = (
				en,
				Base,
			);
			mainGroup = 1CA3B6492D22B0F500176711;
			productRefGroup = 1CA3B6532D22B0F500176711 /* Products */;
			projectDirPath = "";
			projectRoot = "";
			targets = (
				1CA3B6512D22B0F500176711 /* TransactionsTestTask */,
				1CA3B66A2D22B0F600176711 /* TransactionsTestTaskTests */,
				1CA3B6742D22B0F600176711 /* TransactionsTestTaskUITests */,
			);
		};
/* End PBXProject section */

/* Begin PBXResourcesBuildPhase section */
		1CA3B6502D22B0F500176711 /* Resources */ = {
			isa = PBXResourcesBuildPhase;
			buildActionMask = 2147483647;
			files = (
				1CA3B6622D22B0F600176711 /* Assets.xcassets in Resources */,
				1CA3B6652D22B0F600176711 /* Base in Resources */,
			);
			runOnlyForDeploymentPostprocessing = 0;
		};
		1CA3B6692D22B0F600176711 /* Resources */ = {
			isa = PBXResourcesBuildPhase;
			buildActionMask = 2147483647;
			files = (
			);
			runOnlyForDeploymentPostprocessing = 0;
		};
		1CA3B6732D22B0F600176711 /* Resources */ = {
			isa = PBXResourcesBuildPhase;
			buildActionMask = 2147483647;
			files = (
			);
			runOnlyForDeploymentPostprocessing = 0;
		};
/* End PBXResourcesBuildPhase section */

/* Begin PBXSourcesBuildPhase section */
		1CA3B64E2D22B0F500176711 /* Sources */ = {
			isa = PBXSourcesBuildPhase;
			buildActionMask = 2147483647;
			files = (
				C0C26A8C2D63AEC500887AB7 /* BTCCurrency.swift in Sources */,
				C0EF0FF82D61F6C700C5FDA7 /* UITextField+Extensions.swift in Sources */,
				0DF1D1432D22DCD8001626E7 /* PerformOnce.swift in Sources */,
				0DF1D1452D22DD06001626E7 /* BitcoinRateService.swift in Sources */,
				C0BC6DC82D63B628003FB506 /* String+Extensions.swift in Sources */,
				C0EF0FDC2D61CA8100C5FDA7 /* UILabel+Extensions.swift in Sources */,
				C0EF100B2D620BBC00C5FDA7 /* AmountTextField.swift in Sources */,
				1CA3B65A2D22B0F500176711 /* WalletViewController.swift in Sources */,
				C0EF0FDA2D61CA6100C5FDA7 /* VerticalButton.swift in Sources */,
				C0EF0FD72D61C9EA00C5FDA7 /* UIView+Extensions.swift in Sources */,
				C0C9CEDD2D63A0420030FE0A /* HTTPMethod.swift in Sources */,
				1CA3B6562D22B0F500176711 /* AppDelegate.swift in Sources */,
				C0C9CEE32D63A1B40030FE0A /* NetworkService.swift in Sources */,
				1CA3B6602D22B0F500176711 /* TransactionsTestTask.xcdatamodeld in Sources */,
				C0EF0FD02D61C98E00C5FDA7 /* BaseViewController.swift in Sources */,
				C0EF0FF12D61E48900C5FDA7 /* Double+Extensions.swift in Sources */,
				C0C9CED72D639EE40030FE0A /* ResponseWrapper.swift in Sources */,
				C0EF10082D620B3D00C5FDA7 /* Number+Extensions.swift in Sources */,
				C0C9CEE02D63A0B10030FE0A /* APIEndpoints.swift in Sources */,
				C0EF0FDE2D61CAA400C5FDA7 /* UIStackView+Extensions.swift in Sources */,
				C0BC6DC62D63B3EC003FB506 /* Event.swift in Sources */,
				C0D59BD42D6267F6006B936E /* VerticalEmptyView.swift in Sources */,
				C0EF0FE62D61CB3F00C5FDA7 /* UpdateUI.swift in Sources */,
				C0EF0FE22D61CB0200C5FDA7 /* UIViewController+Extensions.swift in Sources */,
				C0D59BD62D626B88006B936E /* Transaction.swift in Sources */,
				C0EF0FD32D61C9B500C5FDA7 /* Bag.swift in Sources */,
				C0EF0FE42D61CB1F00C5FDA7 /* Navigation.swift in Sources */,
				C0EF0FEC2D61CDC500C5FDA7 /* BaseViewModel.swift in Sources */,
				0DF1D1402D22DC51001626E7 /* ServicesAssembler.swift in Sources */,
				C0EF0FEA2D61CDA800C5FDA7 /* WalletViewModel.swift in Sources */,
				C0EF0FE02D61CAC200C5FDA7 /* UIButton+Extensions.swift in Sources */,
				C0C9CEDA2D63A0080030FE0A /* APIError.swift in Sources */,
				C0C9CEE62D63A2370030FE0A /* APIEnvironment.swift in Sources */,
				C0EF0FE82D61CB7D00C5FDA7 /* WalletRoutes.swift in Sources */,
				C0EF0FF62D61EE3700C5FDA7 /* TopUpPopupViewController.swift in Sources */,
				C0EF0FEE2D61D6ED00C5FDA7 /* Variable.swift in Sources */,
			);
			runOnlyForDeploymentPostprocessing = 0;
		};
		1CA3B6672D22B0F600176711 /* Sources */ = {
			isa = PBXSourcesBuildPhase;
			buildActionMask = 2147483647;
			files = (
				1CA3B6702D22B0F600176711 /* TransactionsTestTaskTests.swift in Sources */,
			);
			runOnlyForDeploymentPostprocessing = 0;
		};
		1CA3B6712D22B0F600176711 /* Sources */ = {
			isa = PBXSourcesBuildPhase;
			buildActionMask = 2147483647;
			files = (
			);
			runOnlyForDeploymentPostprocessing = 0;
		};
/* End PBXSourcesBuildPhase section */

/* Begin PBXTargetDependency section */
		1CA3B66D2D22B0F600176711 /* PBXTargetDependency */ = {
			isa = PBXTargetDependency;
			target = 1CA3B6512D22B0F500176711 /* TransactionsTestTask */;
			targetProxy = 1CA3B66C2D22B0F600176711 /* PBXContainerItemProxy */;
		};
		1CA3B6772D22B0F600176711 /* PBXTargetDependency */ = {
			isa = PBXTargetDependency;
			target = 1CA3B6512D22B0F500176711 /* TransactionsTestTask */;
			targetProxy = 1CA3B6762D22B0F600176711 /* PBXContainerItemProxy */;
		};
/* End PBXTargetDependency section */

/* Begin PBXVariantGroup section */
		1CA3B6632D22B0F600176711 /* LaunchScreen.storyboard */ = {
			isa = PBXVariantGroup;
			children = (
				1CA3B6642D22B0F600176711 /* Base */,
			);
			name = LaunchScreen.storyboard;
			sourceTree = "<group>";
		};
/* End PBXVariantGroup section */

/* Begin XCBuildConfiguration section */
		1CA3B67D2D22B0F600176711 /* Debug */ = {
			isa = XCBuildConfiguration;
			buildSettings = {
				ALWAYS_SEARCH_USER_PATHS = NO;
				ASSETCATALOG_COMPILER_GENERATE_SWIFT_ASSET_SYMBOL_EXTENSIONS = YES;
				CLANG_ANALYZER_NONNULL = YES;
				CLANG_ANALYZER_NUMBER_OBJECT_CONVERSION = YES_AGGRESSIVE;
				CLANG_CXX_LANGUAGE_STANDARD = "gnu++20";
				CLANG_ENABLE_MODULES = YES;
				CLANG_ENABLE_OBJC_ARC = YES;
				CLANG_ENABLE_OBJC_WEAK = YES;
				CLANG_WARN_BLOCK_CAPTURE_AUTORELEASING = YES;
				CLANG_WARN_BOOL_CONVERSION = YES;
				CLANG_WARN_COMMA = YES;
				CLANG_WARN_CONSTANT_CONVERSION = YES;
				CLANG_WARN_DEPRECATED_OBJC_IMPLEMENTATIONS = YES;
				CLANG_WARN_DIRECT_OBJC_ISA_USAGE = YES_ERROR;
				CLANG_WARN_DOCUMENTATION_COMMENTS = YES;
				CLANG_WARN_EMPTY_BODY = YES;
				CLANG_WARN_ENUM_CONVERSION = YES;
				CLANG_WARN_INFINITE_RECURSION = YES;
				CLANG_WARN_INT_CONVERSION = YES;
				CLANG_WARN_NON_LITERAL_NULL_CONVERSION = YES;
				CLANG_WARN_OBJC_IMPLICIT_RETAIN_SELF = YES;
				CLANG_WARN_OBJC_LITERAL_CONVERSION = YES;
				CLANG_WARN_OBJC_ROOT_CLASS = YES_ERROR;
				CLANG_WARN_QUOTED_INCLUDE_IN_FRAMEWORK_HEADER = YES;
				CLANG_WARN_RANGE_LOOP_ANALYSIS = YES;
				CLANG_WARN_STRICT_PROTOTYPES = YES;
				CLANG_WARN_SUSPICIOUS_MOVE = YES;
				CLANG_WARN_UNGUARDED_AVAILABILITY = YES_AGGRESSIVE;
				CLANG_WARN_UNREACHABLE_CODE = YES;
				CLANG_WARN__DUPLICATE_METHOD_MATCH = YES;
				COPY_PHASE_STRIP = NO;
				DEBUG_INFORMATION_FORMAT = dwarf;
				ENABLE_STRICT_OBJC_MSGSEND = YES;
				ENABLE_TESTABILITY = YES;
				ENABLE_USER_SCRIPT_SANDBOXING = YES;
				GCC_C_LANGUAGE_STANDARD = gnu17;
				GCC_DYNAMIC_NO_PIC = NO;
				GCC_NO_COMMON_BLOCKS = YES;
				GCC_OPTIMIZATION_LEVEL = 0;
				GCC_PREPROCESSOR_DEFINITIONS = (
					"DEBUG=1",
					"$(inherited)",
				);
				GCC_WARN_64_TO_32_BIT_CONVERSION = YES;
				GCC_WARN_ABOUT_RETURN_TYPE = YES_ERROR;
				GCC_WARN_UNDECLARED_SELECTOR = YES;
				GCC_WARN_UNINITIALIZED_AUTOS = YES_AGGRESSIVE;
				GCC_WARN_UNUSED_FUNCTION = YES;
				GCC_WARN_UNUSED_VARIABLE = YES;
				IPHONEOS_DEPLOYMENT_TARGET = 17.5;
				LOCALIZATION_PREFERS_STRING_CATALOGS = YES;
				MTL_ENABLE_DEBUG_INFO = INCLUDE_SOURCE;
				MTL_FAST_MATH = YES;
				ONLY_ACTIVE_ARCH = YES;
				SDKROOT = iphoneos;
				SWIFT_ACTIVE_COMPILATION_CONDITIONS = "DEBUG $(inherited)";
				SWIFT_OPTIMIZATION_LEVEL = "-Onone";
			};
			name = Debug;
		};
		1CA3B67E2D22B0F600176711 /* Release */ = {
			isa = XCBuildConfiguration;
			buildSettings = {
				ALWAYS_SEARCH_USER_PATHS = NO;
				ASSETCATALOG_COMPILER_GENERATE_SWIFT_ASSET_SYMBOL_EXTENSIONS = YES;
				CLANG_ANALYZER_NONNULL = YES;
				CLANG_ANALYZER_NUMBER_OBJECT_CONVERSION = YES_AGGRESSIVE;
				CLANG_CXX_LANGUAGE_STANDARD = "gnu++20";
				CLANG_ENABLE_MODULES = YES;
				CLANG_ENABLE_OBJC_ARC = YES;
				CLANG_ENABLE_OBJC_WEAK = YES;
				CLANG_WARN_BLOCK_CAPTURE_AUTORELEASING = YES;
				CLANG_WARN_BOOL_CONVERSION = YES;
				CLANG_WARN_COMMA = YES;
				CLANG_WARN_CONSTANT_CONVERSION = YES;
				CLANG_WARN_DEPRECATED_OBJC_IMPLEMENTATIONS = YES;
				CLANG_WARN_DIRECT_OBJC_ISA_USAGE = YES_ERROR;
				CLANG_WARN_DOCUMENTATION_COMMENTS = YES;
				CLANG_WARN_EMPTY_BODY = YES;
				CLANG_WARN_ENUM_CONVERSION = YES;
				CLANG_WARN_INFINITE_RECURSION = YES;
				CLANG_WARN_INT_CONVERSION = YES;
				CLANG_WARN_NON_LITERAL_NULL_CONVERSION = YES;
				CLANG_WARN_OBJC_IMPLICIT_RETAIN_SELF = YES;
				CLANG_WARN_OBJC_LITERAL_CONVERSION = YES;
				CLANG_WARN_OBJC_ROOT_CLASS = YES_ERROR;
				CLANG_WARN_QUOTED_INCLUDE_IN_FRAMEWORK_HEADER = YES;
				CLANG_WARN_RANGE_LOOP_ANALYSIS = YES;
				CLANG_WARN_STRICT_PROTOTYPES = YES;
				CLANG_WARN_SUSPICIOUS_MOVE = YES;
				CLANG_WARN_UNGUARDED_AVAILABILITY = YES_AGGRESSIVE;
				CLANG_WARN_UNREACHABLE_CODE = YES;
				CLANG_WARN__DUPLICATE_METHOD_MATCH = YES;
				COPY_PHASE_STRIP = NO;
				DEBUG_INFORMATION_FORMAT = "dwarf-with-dsym";
				ENABLE_NS_ASSERTIONS = NO;
				ENABLE_STRICT_OBJC_MSGSEND = YES;
				ENABLE_USER_SCRIPT_SANDBOXING = YES;
				GCC_C_LANGUAGE_STANDARD = gnu17;
				GCC_NO_COMMON_BLOCKS = YES;
				GCC_WARN_64_TO_32_BIT_CONVERSION = YES;
				GCC_WARN_ABOUT_RETURN_TYPE = YES_ERROR;
				GCC_WARN_UNDECLARED_SELECTOR = YES;
				GCC_WARN_UNINITIALIZED_AUTOS = YES_AGGRESSIVE;
				GCC_WARN_UNUSED_FUNCTION = YES;
				GCC_WARN_UNUSED_VARIABLE = YES;
				IPHONEOS_DEPLOYMENT_TARGET = 17.5;
				LOCALIZATION_PREFERS_STRING_CATALOGS = YES;
				MTL_ENABLE_DEBUG_INFO = NO;
				MTL_FAST_MATH = YES;
				SDKROOT = iphoneos;
				SWIFT_COMPILATION_MODE = wholemodule;
				VALIDATE_PRODUCT = YES;
			};
			name = Release;
		};
		1CA3B6802D22B0F600176711 /* Debug */ = {
			isa = XCBuildConfiguration;
			buildSettings = {
				ASSETCATALOG_COMPILER_APPICON_NAME = AppIcon;
				ASSETCATALOG_COMPILER_GLOBAL_ACCENT_COLOR_NAME = AccentColor;
				CODE_SIGN_STYLE = Automatic;
				CURRENT_PROJECT_VERSION = 1;
				GENERATE_INFOPLIST_FILE = YES;
				INFOPLIST_FILE = TransactionsTestTask/Resources/Info.plist;
				INFOPLIST_KEY_UIApplicationSupportsIndirectInputEvents = YES;
				INFOPLIST_KEY_UILaunchStoryboardName = LaunchScreen;
				INFOPLIST_KEY_UISupportedInterfaceOrientations = UIInterfaceOrientationPortrait;
				INFOPLIST_KEY_UISupportedInterfaceOrientations_iPad = "UIInterfaceOrientationLandscapeLeft UIInterfaceOrientationLandscapeRight UIInterfaceOrientationPortrait UIInterfaceOrientationPortraitUpsideDown";
				LD_RUNPATH_SEARCH_PATHS = (
					"$(inherited)",
					"@executable_path/Frameworks",
				);
				MARKETING_VERSION = 1.0;
				PRODUCT_BUNDLE_IDENTIFIER = com.obrio.TransactionsTestTask;
				PRODUCT_NAME = "$(TARGET_NAME)";
				SUPPORTED_PLATFORMS = "iphoneos iphonesimulator";
				SUPPORTS_MACCATALYST = NO;
				SUPPORTS_MAC_DESIGNED_FOR_IPHONE_IPAD = NO;
				SUPPORTS_XR_DESIGNED_FOR_IPHONE_IPAD = NO;
				SWIFT_EMIT_LOC_STRINGS = YES;
				SWIFT_VERSION = 5.0;
				TARGETED_DEVICE_FAMILY = 1;
			};
			name = Debug;
		};
		1CA3B6812D22B0F600176711 /* Release */ = {
			isa = XCBuildConfiguration;
			buildSettings = {
				ASSETCATALOG_COMPILER_APPICON_NAME = AppIcon;
				ASSETCATALOG_COMPILER_GLOBAL_ACCENT_COLOR_NAME = AccentColor;
				CODE_SIGN_STYLE = Automatic;
				CURRENT_PROJECT_VERSION = 1;
				GENERATE_INFOPLIST_FILE = YES;
				INFOPLIST_FILE = TransactionsTestTask/Resources/Info.plist;
				INFOPLIST_KEY_UIApplicationSupportsIndirectInputEvents = YES;
				INFOPLIST_KEY_UILaunchStoryboardName = LaunchScreen;
				INFOPLIST_KEY_UISupportedInterfaceOrientations = UIInterfaceOrientationPortrait;
				INFOPLIST_KEY_UISupportedInterfaceOrientations_iPad = "UIInterfaceOrientationLandscapeLeft UIInterfaceOrientationLandscapeRight UIInterfaceOrientationPortrait UIInterfaceOrientationPortraitUpsideDown";
				LD_RUNPATH_SEARCH_PATHS = (
					"$(inherited)",
					"@executable_path/Frameworks",
				);
				MARKETING_VERSION = 1.0;
				PRODUCT_BUNDLE_IDENTIFIER = com.obrio.TransactionsTestTask;
				PRODUCT_NAME = "$(TARGET_NAME)";
				SUPPORTED_PLATFORMS = "iphoneos iphonesimulator";
				SUPPORTS_MACCATALYST = NO;
				SUPPORTS_MAC_DESIGNED_FOR_IPHONE_IPAD = NO;
				SUPPORTS_XR_DESIGNED_FOR_IPHONE_IPAD = NO;
				SWIFT_EMIT_LOC_STRINGS = YES;
				SWIFT_VERSION = 5.0;
				TARGETED_DEVICE_FAMILY = 1;
			};
			name = Release;
		};
		1CA3B6832D22B0F600176711 /* Debug */ = {
			isa = XCBuildConfiguration;
			buildSettings = {
				BUNDLE_LOADER = "$(TEST_HOST)";
				CODE_SIGN_STYLE = Automatic;
				CURRENT_PROJECT_VERSION = 1;
				GENERATE_INFOPLIST_FILE = YES;
				IPHONEOS_DEPLOYMENT_TARGET = 17.5;
				MARKETING_VERSION = 1.0;
				PRODUCT_BUNDLE_IDENTIFIER = com.obrio.TransactionsTestTaskTests;
				PRODUCT_NAME = "$(TARGET_NAME)";
				SWIFT_EMIT_LOC_STRINGS = NO;
				SWIFT_VERSION = 5.0;
				TARGETED_DEVICE_FAMILY = "1,2";
				TEST_HOST = "$(BUILT_PRODUCTS_DIR)/TransactionsTestTask.app/$(BUNDLE_EXECUTABLE_FOLDER_PATH)/TransactionsTestTask";
			};
			name = Debug;
		};
		1CA3B6842D22B0F600176711 /* Release */ = {
			isa = XCBuildConfiguration;
			buildSettings = {
				BUNDLE_LOADER = "$(TEST_HOST)";
				CODE_SIGN_STYLE = Automatic;
				CURRENT_PROJECT_VERSION = 1;
				GENERATE_INFOPLIST_FILE = YES;
				IPHONEOS_DEPLOYMENT_TARGET = 17.5;
				MARKETING_VERSION = 1.0;
				PRODUCT_BUNDLE_IDENTIFIER = com.obrio.TransactionsTestTaskTests;
				PRODUCT_NAME = "$(TARGET_NAME)";
				SWIFT_EMIT_LOC_STRINGS = NO;
				SWIFT_VERSION = 5.0;
				TARGETED_DEVICE_FAMILY = "1,2";
				TEST_HOST = "$(BUILT_PRODUCTS_DIR)/TransactionsTestTask.app/$(BUNDLE_EXECUTABLE_FOLDER_PATH)/TransactionsTestTask";
			};
			name = Release;
		};
		1CA3B6862D22B0F600176711 /* Debug */ = {
			isa = XCBuildConfiguration;
			buildSettings = {
				CODE_SIGN_STYLE = Automatic;
				CURRENT_PROJECT_VERSION = 1;
				GENERATE_INFOPLIST_FILE = YES;
				MARKETING_VERSION = 1.0;
				PRODUCT_BUNDLE_IDENTIFIER = com.obrio.TransactionsTestTaskUITests;
				PRODUCT_NAME = "$(TARGET_NAME)";
				SWIFT_EMIT_LOC_STRINGS = NO;
				SWIFT_VERSION = 5.0;
				TARGETED_DEVICE_FAMILY = "1,2";
				TEST_TARGET_NAME = TransactionsTestTask;
			};
			name = Debug;
		};
		1CA3B6872D22B0F600176711 /* Release */ = {
			isa = XCBuildConfiguration;
			buildSettings = {
				CODE_SIGN_STYLE = Automatic;
				CURRENT_PROJECT_VERSION = 1;
				GENERATE_INFOPLIST_FILE = YES;
				MARKETING_VERSION = 1.0;
				PRODUCT_BUNDLE_IDENTIFIER = com.obrio.TransactionsTestTaskUITests;
				PRODUCT_NAME = "$(TARGET_NAME)";
				SWIFT_EMIT_LOC_STRINGS = NO;
				SWIFT_VERSION = 5.0;
				TARGETED_DEVICE_FAMILY = "1,2";
				TEST_TARGET_NAME = TransactionsTestTask;
			};
			name = Release;
		};
/* End XCBuildConfiguration section */

/* Begin XCConfigurationList section */
		1CA3B64D2D22B0F500176711 /* Build configuration list for PBXProject "TransactionsTestTask" */ = {
			isa = XCConfigurationList;
			buildConfigurations = (
				1CA3B67D2D22B0F600176711 /* Debug */,
				1CA3B67E2D22B0F600176711 /* Release */,
			);
			defaultConfigurationIsVisible = 0;
			defaultConfigurationName = Release;
		};
		1CA3B67F2D22B0F600176711 /* Build configuration list for PBXNativeTarget "TransactionsTestTask" */ = {
			isa = XCConfigurationList;
			buildConfigurations = (
				1CA3B6802D22B0F600176711 /* Debug */,
				1CA3B6812D22B0F600176711 /* Release */,
			);
			defaultConfigurationIsVisible = 0;
			defaultConfigurationName = Release;
		};
		1CA3B6822D22B0F600176711 /* Build configuration list for PBXNativeTarget "TransactionsTestTaskTests" */ = {
			isa = XCConfigurationList;
			buildConfigurations = (
				1CA3B6832D22B0F600176711 /* Debug */,
				1CA3B6842D22B0F600176711 /* Release */,
			);
			defaultConfigurationIsVisible = 0;
			defaultConfigurationName = Release;
		};
		1CA3B6852D22B0F600176711 /* Build configuration list for PBXNativeTarget "TransactionsTestTaskUITests" */ = {
			isa = XCConfigurationList;
			buildConfigurations = (
				1CA3B6862D22B0F600176711 /* Debug */,
				1CA3B6872D22B0F600176711 /* Release */,
			);
			defaultConfigurationIsVisible = 0;
			defaultConfigurationName = Release;
		};
/* End XCConfigurationList section */

/* Begin XCVersionGroup section */
		1CA3B65E2D22B0F500176711 /* TransactionsTestTask.xcdatamodeld */ = {
			isa = XCVersionGroup;
			children = (
				1CA3B65F2D22B0F500176711 /* TransactionsTestTask.xcdatamodel */,
			);
			currentVersion = 1CA3B65F2D22B0F500176711 /* TransactionsTestTask.xcdatamodel */;
			path = TransactionsTestTask.xcdatamodeld;
			sourceTree = "<group>";
			versionGroupType = wrapper.xcdatamodel;
		};
/* End XCVersionGroup section */
	};
	rootObject = 1CA3B64A2D22B0F500176711 /* Project object */;
}
